
Microsoft Visual Studio Solution File, Format Version 12.00
# Visual Studio Version 16
VisualStudioVersion = 16.0.30907.101
MinimumVisualStudioVersion = 10.0.40219.1
Project("{FAE04EC0-301F-11D3-BF4B-00C04F79EFBC}") = "FacadeDesignPattern", "FacadeDesignPattern\FacadeDesignPattern.csproj", "{1DD3C4D1-9E19-4EC1-ADD0-D8FBFC563AE3}"
EndProject
Global
	GlobalSection(SolutionConfigurationPlatforms) = preSolution
		Debug|Any CPU = Debug|Any CPU
		Release|Any CPU = Release|Any CPU
	EndGlobalSection
	GlobalSection(ProjectConfigurationPlatforms) = postSolution
		{1DD3C4D1-9E19-4EC1-ADD0-D8FBFC563AE3}.Debug|Any CPU.ActiveCfg = Debug|Any CPU
		{1DD3C4D1-9E19-4EC1-ADD0-D8FBFC563AE3}.Debug|Any CPU.Build.0 = Debug|Any CPU
		{1DD3C4D1-9E19-4EC1-ADD0-D8FBFC563AE3}.Release|Any CPU.ActiveCfg = Release|Any CPU
		{1DD3C4D1-9E19-4EC1-ADD0-D8FBFC563AE3}.Release|Any CPU.Build.0 = Release|Any CPU
	EndGlobalSection
	GlobalSection(SolutionProperties) = preSolution
		HideSolutionNode = FALSE
	EndGlobalSection
	GlobalSection(ExtensibilityGlobals) = postSolution
		SolutionGuid = {662918F5-A628-4943-8C59-DDD8E7D4E185}
	EndGlobalSection
EndGlobal
