
Microsoft Visual Studio Solution File, Format Version 12.00
# Visual Studio Version 16
VisualStudioVersion = 16.0.30804.86
MinimumVisualStudioVersion = 10.0.40219.1
Project("{FAE04EC0-301F-11D3-BF4B-00C04F79EFBC}") = "ITOrganizations_Hands_on", "ITOrganizations_Hands_on.csproj", "{AD5EB50A-3847-4220-BDD3-D5C32723071D}"
EndProject
Global
	GlobalSection(SolutionConfigurationPlatforms) = preSolution
		Debug|Any CPU = Debug|Any CPU
		Release|Any CPU = Release|Any CPU
	EndGlobalSection
	GlobalSection(ProjectConfigurationPlatforms) = postSolution
		{AD5EB50A-3847-4220-BDD3-D5C32723071D}.Debug|Any CPU.ActiveCfg = Debug|Any CPU
		{AD5EB50A-3847-4220-BDD3-D5C32723071D}.Debug|Any CPU.Build.0 = Debug|Any CPU
		{AD5EB50A-3847-4220-BDD3-D5C32723071D}.Release|Any CPU.ActiveCfg = Release|Any CPU
		{AD5EB50A-3847-4220-BDD3-D5C32723071D}.Release|Any CPU.Build.0 = Release|Any CPU
	EndGlobalSection
	GlobalSection(SolutionProperties) = preSolution
		HideSolutionNode = FALSE
	EndGlobalSection
	GlobalSection(ExtensibilityGlobals) = postSolution
		SolutionGuid = {9C9EBC15-6074-4366-9B22-35B57262FCC8}
	EndGlobalSection
EndGlobal
