
Microsoft Visual Studio Solution File, Format Version 12.00
# Visual Studio Version 16
VisualStudioVersion = 16.0.30907.101
MinimumVisualStudioVersion = 10.0.40219.1
Project("{FAE04EC0-301F-11D3-BF4B-00C04F79EFBC}") = "AspCore", "AspCore\AspCore.csproj", "{53F46FF7-E61E-4DBF-A5BF-4BC4C6532900}"
EndProject
Global
	GlobalSection(SolutionConfigurationPlatforms) = preSolution
		Debug|Any CPU = Debug|Any CPU
		Release|Any CPU = Release|Any CPU
	EndGlobalSection
	GlobalSection(ProjectConfigurationPlatforms) = postSolution
		{53F46FF7-E61E-4DBF-A5BF-4BC4C6532900}.Debug|Any CPU.ActiveCfg = Debug|Any CPU
		{53F46FF7-E61E-4DBF-A5BF-4BC4C6532900}.Debug|Any CPU.Build.0 = Debug|Any CPU
		{53F46FF7-E61E-4DBF-A5BF-4BC4C6532900}.Release|Any CPU.ActiveCfg = Release|Any CPU
		{53F46FF7-E61E-4DBF-A5BF-4BC4C6532900}.Release|Any CPU.Build.0 = Release|Any CPU
	EndGlobalSection
	GlobalSection(SolutionProperties) = preSolution
		HideSolutionNode = FALSE
	EndGlobalSection
	GlobalSection(ExtensibilityGlobals) = postSolution
		SolutionGuid = {BB85985F-4DB2-408D-924E-60580ECFB4B3}
	EndGlobalSection
EndGlobal
