
Microsoft Visual Studio Solution File, Format Version 12.00
# Visual Studio Version 16
VisualStudioVersion = 16.0.30907.101
MinimumVisualStudioVersion = 10.0.40219.1
Project("{FAE04EC0-301F-11D3-BF4B-00C04F79EFBC}") = "AspCore44", "AspCore44\AspCore44.csproj", "{6C42DCAC-1422-474E-8635-F53BFA259B64}"
EndProject
Global
	GlobalSection(SolutionConfigurationPlatforms) = preSolution
		Debug|Any CPU = Debug|Any CPU
		Release|Any CPU = Release|Any CPU
	EndGlobalSection
	GlobalSection(ProjectConfigurationPlatforms) = postSolution
		{6C42DCAC-1422-474E-8635-F53BFA259B64}.Debug|Any CPU.ActiveCfg = Debug|Any CPU
		{6C42DCAC-1422-474E-8635-F53BFA259B64}.Debug|Any CPU.Build.0 = Debug|Any CPU
		{6C42DCAC-1422-474E-8635-F53BFA259B64}.Release|Any CPU.ActiveCfg = Release|Any CPU
		{6C42DCAC-1422-474E-8635-F53BFA259B64}.Release|Any CPU.Build.0 = Release|Any CPU
	EndGlobalSection
	GlobalSection(SolutionProperties) = preSolution
		HideSolutionNode = FALSE
	EndGlobalSection
	GlobalSection(ExtensibilityGlobals) = postSolution
		SolutionGuid = {34153BF0-5134-4BF7-B57E-454DFA25A9BB}
	EndGlobalSection
EndGlobal
