
Microsoft Visual Studio Solution File, Format Version 12.00
# Visual Studio Version 16
VisualStudioVersion = 16.0.30907.101
MinimumVisualStudioVersion = 10.0.40219.1
Project("{FAE04EC0-301F-11D3-BF4B-00C04F79EFBC}") = "Moq_Handson2", "Moq_Handson2\Moq_Handson2.csproj", "{CF7F0DF2-056D-4975-8814-A928732D0B5B}"
EndProject
Global
	GlobalSection(SolutionConfigurationPlatforms) = preSolution
		Debug|Any CPU = Debug|Any CPU
		Release|Any CPU = Release|Any CPU
	EndGlobalSection
	GlobalSection(ProjectConfigurationPlatforms) = postSolution
		{CF7F0DF2-056D-4975-8814-A928732D0B5B}.Debug|Any CPU.ActiveCfg = Debug|Any CPU
		{CF7F0DF2-056D-4975-8814-A928732D0B5B}.Debug|Any CPU.Build.0 = Debug|Any CPU
		{CF7F0DF2-056D-4975-8814-A928732D0B5B}.Release|Any CPU.ActiveCfg = Release|Any CPU
		{CF7F0DF2-056D-4975-8814-A928732D0B5B}.Release|Any CPU.Build.0 = Release|Any CPU
	EndGlobalSection
	GlobalSection(SolutionProperties) = preSolution
		HideSolutionNode = FALSE
	EndGlobalSection
	GlobalSection(ExtensibilityGlobals) = postSolution
		SolutionGuid = {E8B44EAE-64D2-4AF7-AAC0-1B686EA4DD3F}
	EndGlobalSection
EndGlobal
