
Microsoft Visual Studio Solution File, Format Version 12.00
# Visual Studio Version 16
VisualStudioVersion = 16.0.30907.101
MinimumVisualStudioVersion = 10.0.40219.1
Project("{FAE04EC0-301F-11D3-BF4B-00C04F79EFBC}") = "ObserverPattern", "ObserverPattern\ObserverPattern.csproj", "{6BE478AA-2880-4D09-83B4-656EDD3D3387}"
EndProject
Global
	GlobalSection(SolutionConfigurationPlatforms) = preSolution
		Debug|Any CPU = Debug|Any CPU
		Release|Any CPU = Release|Any CPU
	EndGlobalSection
	GlobalSection(ProjectConfigurationPlatforms) = postSolution
		{6BE478AA-2880-4D09-83B4-656EDD3D3387}.Debug|Any CPU.ActiveCfg = Debug|Any CPU
		{6BE478AA-2880-4D09-83B4-656EDD3D3387}.Debug|Any CPU.Build.0 = Debug|Any CPU
		{6BE478AA-2880-4D09-83B4-656EDD3D3387}.Release|Any CPU.ActiveCfg = Release|Any CPU
		{6BE478AA-2880-4D09-83B4-656EDD3D3387}.Release|Any CPU.Build.0 = Release|Any CPU
	EndGlobalSection
	GlobalSection(SolutionProperties) = preSolution
		HideSolutionNode = FALSE
	EndGlobalSection
	GlobalSection(ExtensibilityGlobals) = postSolution
		SolutionGuid = {6BCFF0BF-F29E-47CC-9D26-9646037CA567}
	EndGlobalSection
EndGlobal
