
Microsoft Visual Studio Solution File, Format Version 12.00
# Visual Studio Version 16
VisualStudioVersion = 16.0.30907.101
MinimumVisualStudioVersion = 10.0.40219.1
Project("{FAE04EC0-301F-11D3-BF4B-00C04F79EFBC}") = "Named_Parameters", "Named_Parameters\Named_Parameters.csproj", "{F835E238-B7F5-4FC5-B693-4ADD901DCBB2}"
EndProject
Global
	GlobalSection(SolutionConfigurationPlatforms) = preSolution
		Debug|Any CPU = Debug|Any CPU
		Release|Any CPU = Release|Any CPU
	EndGlobalSection
	GlobalSection(ProjectConfigurationPlatforms) = postSolution
		{F835E238-B7F5-4FC5-B693-4ADD901DCBB2}.Debug|Any CPU.ActiveCfg = Debug|Any CPU
		{F835E238-B7F5-4FC5-B693-4ADD901DCBB2}.Debug|Any CPU.Build.0 = Debug|Any CPU
		{F835E238-B7F5-4FC5-B693-4ADD901DCBB2}.Release|Any CPU.ActiveCfg = Release|Any CPU
		{F835E238-B7F5-4FC5-B693-4ADD901DCBB2}.Release|Any CPU.Build.0 = Release|Any CPU
	EndGlobalSection
	GlobalSection(SolutionProperties) = preSolution
		HideSolutionNode = FALSE
	EndGlobalSection
	GlobalSection(ExtensibilityGlobals) = postSolution
		SolutionGuid = {7052D731-9017-4CC4-8C93-B745FAE07682}
	EndGlobalSection
EndGlobal
