
Microsoft Visual Studio Solution File, Format Version 12.00
# Visual Studio Version 16
VisualStudioVersion = 16.0.30907.101
MinimumVisualStudioVersion = 10.0.40219.1
Project("{FAE04EC0-301F-11D3-BF4B-00C04F79EFBC}") = "AspCore1", "AspCore1\AspCore1.csproj", "{155B0F91-E85C-4C4D-B5A9-9CD174760E44}"
EndProject
Global
	GlobalSection(SolutionConfigurationPlatforms) = preSolution
		Debug|Any CPU = Debug|Any CPU
		Release|Any CPU = Release|Any CPU
	EndGlobalSection
	GlobalSection(ProjectConfigurationPlatforms) = postSolution
		{155B0F91-E85C-4C4D-B5A9-9CD174760E44}.Debug|Any CPU.ActiveCfg = Debug|Any CPU
		{155B0F91-E85C-4C4D-B5A9-9CD174760E44}.Debug|Any CPU.Build.0 = Debug|Any CPU
		{155B0F91-E85C-4C4D-B5A9-9CD174760E44}.Release|Any CPU.ActiveCfg = Release|Any CPU
		{155B0F91-E85C-4C4D-B5A9-9CD174760E44}.Release|Any CPU.Build.0 = Release|Any CPU
	EndGlobalSection
	GlobalSection(SolutionProperties) = preSolution
		HideSolutionNode = FALSE
	EndGlobalSection
	GlobalSection(ExtensibilityGlobals) = postSolution
		SolutionGuid = {54F37074-7DEE-40AB-8C79-7174E8692FC9}
	EndGlobalSection
EndGlobal
