
Microsoft Visual Studio Solution File, Format Version 12.00
# Visual Studio Version 16
VisualStudioVersion = 16.0.30804.86
MinimumVisualStudioVersion = 10.0.40219.1
Project("{FAE04EC0-301F-11D3-BF4B-00C04F79EFBC}") = "CalculatorTests", "CalculatorTests\CalculatorTests.csproj", "{0BE38825-7D0E-469D-A6F4-34E504927448}"
EndProject
Project("{FAE04EC0-301F-11D3-BF4B-00C04F79EFBC}") = "CalcLibrary", "CalcLibrary\CalcLibrary.csproj", "{6C2FA0B7-DF9F-49BE-8821-4D734A83A308}"
EndProject
Global
	GlobalSection(SolutionConfigurationPlatforms) = preSolution
		Debug|Any CPU = Debug|Any CPU
		Release|Any CPU = Release|Any CPU
	EndGlobalSection
	GlobalSection(ProjectConfigurationPlatforms) = postSolution
		{0BE38825-7D0E-469D-A6F4-34E504927448}.Debug|Any CPU.ActiveCfg = Debug|Any CPU
		{0BE38825-7D0E-469D-A6F4-34E504927448}.Debug|Any CPU.Build.0 = Debug|Any CPU
		{0BE38825-7D0E-469D-A6F4-34E504927448}.Release|Any CPU.ActiveCfg = Release|Any CPU
		{0BE38825-7D0E-469D-A6F4-34E504927448}.Release|Any CPU.Build.0 = Release|Any CPU
		{6C2FA0B7-DF9F-49BE-8821-4D734A83A308}.Debug|Any CPU.ActiveCfg = Debug|Any CPU
		{6C2FA0B7-DF9F-49BE-8821-4D734A83A308}.Debug|Any CPU.Build.0 = Debug|Any CPU
		{6C2FA0B7-DF9F-49BE-8821-4D734A83A308}.Release|Any CPU.ActiveCfg = Release|Any CPU
		{6C2FA0B7-DF9F-49BE-8821-4D734A83A308}.Release|Any CPU.Build.0 = Release|Any CPU
	EndGlobalSection
	GlobalSection(SolutionProperties) = preSolution
		HideSolutionNode = FALSE
	EndGlobalSection
	GlobalSection(ExtensibilityGlobals) = postSolution
		SolutionGuid = {16500ADB-360B-443F-8AF7-008D5439AFD4}
	EndGlobalSection
EndGlobal
