
Microsoft Visual Studio Solution File, Format Version 12.00
# Visual Studio Version 16
VisualStudioVersion = 16.0.31019.35
MinimumVisualStudioVersion = 10.0.40219.1
Project("{FAE04EC0-301F-11D3-BF4B-00C04F79EFBC}") = "FinalAbstractCaseStudy", "FinalAbstractCaseStudy\FinalAbstractCaseStudy.csproj", "{87648FCB-41DF-4321-A28F-23CCB08F5850}"
EndProject
Global
	GlobalSection(SolutionConfigurationPlatforms) = preSolution
		Debug|Any CPU = Debug|Any CPU
		Release|Any CPU = Release|Any CPU
	EndGlobalSection
	GlobalSection(ProjectConfigurationPlatforms) = postSolution
		{87648FCB-41DF-4321-A28F-23CCB08F5850}.Debug|Any CPU.ActiveCfg = Debug|Any CPU
		{87648FCB-41DF-4321-A28F-23CCB08F5850}.Debug|Any CPU.Build.0 = Debug|Any CPU
		{87648FCB-41DF-4321-A28F-23CCB08F5850}.Release|Any CPU.ActiveCfg = Release|Any CPU
		{87648FCB-41DF-4321-A28F-23CCB08F5850}.Release|Any CPU.Build.0 = Release|Any CPU
	EndGlobalSection
	GlobalSection(SolutionProperties) = preSolution
		HideSolutionNode = FALSE
	EndGlobalSection
	GlobalSection(ExtensibilityGlobals) = postSolution
		SolutionGuid = {A2087ECA-26C9-4F7B-9882-EAD3D30918D0}
	EndGlobalSection
EndGlobal
