
Microsoft Visual Studio Solution File, Format Version 12.00
# Visual Studio Version 16
VisualStudioVersion = 16.0.30907.101
MinimumVisualStudioVersion = 10.0.40219.1
Project("{FAE04EC0-301F-11D3-BF4B-00C04F79EFBC}") = "Optional_Parameter", "Optional_Parameter\Optional_Parameter.csproj", "{60AC2CFB-6D93-445A-BA46-9A6D4874CB85}"
EndProject
Global
	GlobalSection(SolutionConfigurationPlatforms) = preSolution
		Debug|Any CPU = Debug|Any CPU
		Release|Any CPU = Release|Any CPU
	EndGlobalSection
	GlobalSection(ProjectConfigurationPlatforms) = postSolution
		{60AC2CFB-6D93-445A-BA46-9A6D4874CB85}.Debug|Any CPU.ActiveCfg = Debug|Any CPU
		{60AC2CFB-6D93-445A-BA46-9A6D4874CB85}.Debug|Any CPU.Build.0 = Debug|Any CPU
		{60AC2CFB-6D93-445A-BA46-9A6D4874CB85}.Release|Any CPU.ActiveCfg = Release|Any CPU
		{60AC2CFB-6D93-445A-BA46-9A6D4874CB85}.Release|Any CPU.Build.0 = Release|Any CPU
	EndGlobalSection
	GlobalSection(SolutionProperties) = preSolution
		HideSolutionNode = FALSE
	EndGlobalSection
	GlobalSection(ExtensibilityGlobals) = postSolution
		SolutionGuid = {303A2802-0B23-477B-87B1-E179FBBCC622}
	EndGlobalSection
EndGlobal
